// !$*UTF8*$!
{
	archiveVersion = 1;
	classes = {
	};
	objectVersion = 46;
	objects = {

/* Begin PBXBuildFile section */
		7F5B734D1B7CE93100884201 /* main.m in Sources */ = {isa = PBXBuildFile; fileRef = 7F5B734C1B7CE93100884201 /* main.m */; };
		7F5B73501B7CE93100884201 /* AppDelegate.m in Sources */ = {isa = PBXBuildFile; fileRef = 7F5B734F1B7CE93100884201 /* AppDelegate.m */; };
		7F5B73531B7CE93100884201 /* ViewController.m in Sources */ = {isa = PBXBuildFile; fileRef = 7F5B73521B7CE93100884201 /* ViewController.m */; };
		7F5B73561B7CE93100884201 /* Main.storyboard in Resources */ = {isa = PBXBuildFile; fileRef = 7F5B73541B7CE93100884201 /* Main.storyboard */; };
		7F5B73581B7CE93100884201 /* Images.xcassets in Resources */ = {isa = PBXBuildFile; fileRef = 7F5B73571B7CE93100884201 /* Images.xcassets */; };
		7F5B735B1B7CE93100884201 /* LaunchScreen.xib in Resources */ = {isa = PBXBuildFile; fileRef = 7F5B73591B7CE93100884201 /* LaunchScreen.xib */; };
		7F5B73671B7CE93100884201 /* CollectioVewSampleTests.m in Sources */ = {isa = PBXBuildFile; fileRef = 7F5B73661B7CE93100884201 /* CollectioVewSampleTests.m */; };
		7F5B73731B7CE9F300884201 /* SampleCellCollectionViewCell.m in Sources */ = {isa = PBXBuildFile; fileRef = 7F5B73711B7CE9F300884201 /* SampleCellCollectionViewCell.m */; };
		7F5B73741B7CE9F300884201 /* SampleCellCollectionViewCell.xib in Resources */ = {isa = PBXBuildFile; fileRef = 7F5B73721B7CE9F300884201 /* SampleCellCollectionViewCell.xib */; };
/* End PBXBuildFile section */

/* Begin PBXContainerItemProxy section */
		7F5B73611B7CE93100884201 /* PBXContainerItemProxy */ = {
			isa = PBXContainerItemProxy;
			containerPortal = 7F5B733F1B7CE93000884201 /* Project object */;
			proxyType = 1;
			remoteGlobalIDString = 7F5B73461B7CE93000884201;
			remoteInfo = CollectioVewSample;
		};
/* End PBXContainerItemProxy section */

/* Begin PBXFileReference section */
		7F5B73471B7CE93000884201 /* CollectioVewSample.app */ = {isa = PBXFileReference; explicitFileType = wrapper.application; includeInIndex = 0; path = CollectioVewSample.app; sourceTree = BUILT_PRODUCTS_DIR; };
		7F5B734B1B7CE93100884201 /* Info.plist */ = {isa = PBXFileReference; lastKnownFileType = text.plist.xml; path = Info.plist; sourceTree = "<group>"; };
		7F5B734C1B7CE93100884201 /* main.m */ = {isa = PBXFileReference; lastKnownFileType = sourcecode.c.objc; path = main.m; sourceTree = "<group>"; };
		7F5B734E1B7CE93100884201 /* AppDelegate.h */ = {isa = PBXFileReference; lastKnownFileType = sourcecode.c.h; path = AppDelegate.h; sourceTree = "<group>"; };
		7F5B734F1B7CE93100884201 /* AppDelegate.m */ = {isa = PBXFileReference; lastKnownFileType = sourcecode.c.objc; path = AppDelegate.m; sourceTree = "<group>"; };
		7F5B73511B7CE93100884201 /* ViewController.h */ = {isa = PBXFileReference; lastKnownFileType = sourcecode.c.h; path = ViewController.h; sourceTree = "<group>"; };
		7F5B73521B7CE93100884201 /* ViewController.m */ = {isa = PBXFileReference; lastKnownFileType = sourcecode.c.objc; path = ViewController.m; sourceTree = "<group>"; };
		7F5B73551B7CE93100884201 /* Base */ = {isa = PBXFileReference; lastKnownFileType = file.storyboard; name = Base; path = Base.lproj/Main.storyboard; sourceTree = "<group>"; };
		7F5B73571B7CE93100884201 /* Images.xcassets */ = {isa = PBXFileReference; lastKnownFileType = folder.assetcatalog; path = Images.xcassets; sourceTree = "<group>"; };
		7F5B735A1B7CE93100884201 /* Base */ = {isa = PBXFileReference; lastKnownFileType = file.xib; name = Base; path = Base.lproj/LaunchScreen.xib; sourceTree = "<group>"; };
		7F5B73601B7CE93100884201 /* CollectioVewSampleTests.xctest */ = {isa = PBXFileReference; explicitFileType = wrapper.cfbundle; includeInIndex = 0; path = CollectioVewSampleTests.xctest; sourceTree = BUILT_PRODUCTS_DIR; };
		7F5B73651B7CE93100884201 /* Info.plist */ = {isa = PBXFileReference; lastKnownFileType = text.plist.xml; path = Info.plist; sourceTree = "<group>"; };
		7F5B73661B7CE93100884201 /* CollectioVewSampleTests.m */ = {isa = PBXFileReference; lastKnownFileType = sourcecode.c.objc; path = CollectioVewSampleTests.m; sourceTree = "<group>"; };
		7F5B73701B7CE9F300884201 /* SampleCellCollectionViewCell.h */ = {isa = PBXFileReference; fileEncoding = 4; lastKnownFileType = sourcecode.c.h; path = SampleCellCollectionViewCell.h; sourceTree = "<group>"; };
		7F5B73711B7CE9F300884201 /* SampleCellCollectionViewCell.m */ = {isa = PBXFileReference; fileEncoding = 4; lastKnownFileType = sourcecode.c.objc; path = SampleCellCollectionViewCell.m; sourceTree = "<group>"; };
		7F5B73721B7CE9F300884201 /* SampleCellCollectionViewCell.xib */ = {isa = PBXFileReference; fileEncoding = 4; lastKnownFileType = file.xib; path = SampleCellCollectionViewCell.xib; sourceTree = "<group>"; };
/* End PBXFileReference section */

/* Begin PBXFrameworksBuildPhase section */
		7F5B73441B7CE93000884201 /* Frameworks */ = {
			isa = PBXFrameworksBuildPhase;
			buildActionMask = 2147483647;
			files = (
			);
			runOnlyForDeploymentPostprocessing = 0;
		};
		7F5B735D1B7CE93100884201 /* Frameworks */ = {
			isa = PBXFrameworksBuildPhase;
			buildActionMask = 2147483647;
			files = (
			);
			runOnlyForDeploymentPostprocessing = 0;
		};
/* End PBXFrameworksBuildPhase section */

/* Begin PBXGroup section */
		7F5B733E1B7CE93000884201 = {
			isa = PBXGroup;
			children = (
				7F5B73491B7CE93000884201 /* CollectioVewSample */,
				7F5B73631B7CE93100884201 /* CollectioVewSampleTests */,
				7F5B73481B7CE93000884201 /* Products */,
			);
			sourceTree = "<group>";
		};
		7F5B73481B7CE93000884201 /* Products */ = {
			isa = PBXGroup;
			children = (
				7F5B73471B7CE93000884201 /* CollectioVewSample.app */,
				7F5B73601B7CE93100884201 /* CollectioVewSampleTests.xctest */,
			);
			name = Products;
			sourceTree = "<group>";
		};
		7F5B73491B7CE93000884201 /* CollectioVewSample */ = {
			isa = PBXGroup;
			children = (
				7F5B734E1B7CE93100884201 /* AppDelegate.h */,
				7F5B734F1B7CE93100884201 /* AppDelegate.m */,
				7F5B73511B7CE93100884201 /* ViewController.h */,
				7F5B73521B7CE93100884201 /* ViewController.m */,
				7F5B73701B7CE9F300884201 /* SampleCellCollectionViewCell.h */,
				7F5B73711B7CE9F300884201 /* SampleCellCollectionViewCell.m */,
				7F5B73721B7CE9F300884201 /* SampleCellCollectionViewCell.xib */,
				7F5B73541B7CE93100884201 /* Main.storyboard */,
				7F5B73571B7CE93100884201 /* Images.xcassets */,
				7F5B73591B7CE93100884201 /* LaunchScreen.xib */,
				7F5B734A1B7CE93000884201 /* Supporting Files */,
			);
			path = CollectioVewSample;
			sourceTree = "<group>";
		};
		7F5B734A1B7CE93000884201 /* Supporting Files */ = {
			isa = PBXGroup;
			children = (
				7F5B734B1B7CE93100884201 /* Info.plist */,
				7F5B734C1B7CE93100884201 /* main.m */,
			);
			name = "Supporting Files";
			sourceTree = "<group>";
		};
		7F5B73631B7CE93100884201 /* CollectioVewSampleTests */ = {
			isa = PBXGroup;
			children = (
				7F5B73661B7CE93100884201 /* CollectioVewSampleTests.m */,
				7F5B73641B7CE93100884201 /* Supporting Files */,
			);
			path = CollectioVewSampleTests;
			sourceTree = "<group>";
		};
		7F5B73641B7CE93100884201 /* Supporting Files */ = {
			isa = PBXGroup;
			children = (
				7F5B73651B7CE93100884201 /* Info.plist */,
			);
			name = "Supporting Files";
			sourceTree = "<group>";
		};
/* End PBXGroup section */

/* Begin PBXNativeTarget section */
		7F5B73461B7CE93000884201 /* CollectioVewSample */ = {
			isa = PBXNativeTarget;
			buildConfigurationList = 7F5B736A1B7CE93100884201 /* Build configuration list for PBXNativeTarget "CollectioVewSample" */;
			buildPhases = (
				7F5B73431B7CE93000884201 /* Sources */,
				7F5B73441B7CE93000884201 /* Frameworks */,
				7F5B73451B7CE93000884201 /* Resources */,
			);
			buildRules = (
			);
			dependencies = (
			);
			name = CollectioVewSample;
			productName = CollectioVewSample;
			productReference = 7F5B73471B7CE93000884201 /* CollectioVewSample.app */;
			productType = "com.apple.product-type.application";
		};
		7F5B735F1B7CE93100884201 /* CollectioVewSampleTests */ = {
			isa = PBXNativeTarget;
			buildConfigurationList = 7F5B736D1B7CE93100884201 /* Build configuration list for PBXNativeTarget "CollectioVewSampleTests" */;
			buildPhases = (
				7F5B735C1B7CE93100884201 /* Sources */,
				7F5B735D1B7CE93100884201 /* Frameworks */,
				7F5B735E1B7CE93100884201 /* Resources */,
			);
			buildRules = (
			);
			dependencies = (
				7F5B73621B7CE93100884201 /* PBXTargetDependency */,
			);
			name = CollectioVewSampleTests;
			productName = CollectioVewSampleTests;
			productReference = 7F5B73601B7CE93100884201 /* CollectioVewSampleTests.xctest */;
			productType = "com.apple.product-type.bundle.unit-test";
		};
/* End PBXNativeTarget section */

/* Begin PBXProject section */
		7F5B733F1B7CE93000884201 /* Project object */ = {
			isa = PBXProject;
			attributes = {
				LastUpgradeCheck = 0630;
				ORGANIZATIONNAME = Santhosh;
				TargetAttributes = {
					7F5B73461B7CE93000884201 = {
						CreatedOnToolsVersion = 6.3;
					};
					7F5B735F1B7CE93100884201 = {
						CreatedOnToolsVersion = 6.3;
						TestTargetID = 7F5B73461B7CE93000884201;
					};
				};
			};
			buildConfigurationList = 7F5B73421B7CE93000884201 /* Build configuration list for PBXProject "CollectioVewSample" */;
			compatibilityVersion = "Xcode 3.2";
			developmentRegion = English;
			hasScannedForEncodings = 0;
			knownRegions = (
				en,
				Base,
			);
			mainGroup = 7F5B733E1B7CE93000884201;
			productRefGroup = 7F5B73481B7CE93000884201 /* Products */;
			projectDirPath = "";
			projectRoot = "";
			targets = (
				7F5B73461B7CE93000884201 /* CollectioVewSample */,
				7F5B735F1B7CE93100884201 /* CollectioVewSampleTests */,
			);
		};
/* End PBXProject section */

/* Begin PBXResourcesBuildPhase section */
		7F5B73451B7CE93000884201 /* Resources */ = {
			isa = PBXResourcesBuildPhase;
			buildActionMask = 2147483647;
			files = (
				7F5B73741B7CE9F300884201 /* SampleCellCollectionViewCell.xib in Resources */,
				7F5B73561B7CE93100884201 /* Main.storyboard in Resources */,
				7F5B735B1B7CE93100884201 /* LaunchScreen.xib in Resources */,
				7F5B73581B7CE93100884201 /* Images.xcassets in Resources */,
			);
			runOnlyForDeploymentPostprocessing = 0;
		};
		7F5B735E1B7CE93100884201 /* Resources */ = {
			isa = PBXResourcesBuildPhase;
			buildActionMask = 2147483647;
			files = (
			);
			runOnlyForDeploymentPostprocessing = 0;
		};
/* End PBXResourcesBuildPhase section */

/* Begin PBXSourcesBuildPhase section */
		7F5B73431B7CE93000884201 /* Sources */ = {
			isa = PBXSourcesBuildPhase;
			buildActionMask = 2147483647;
			files = (
				7F5B73531B7CE93100884201 /* ViewController.m in Sources */,
				7F5B73501B7CE93100884201 /* AppDelegate.m in Sources */,
				7F5B73731B7CE9F300884201 /* SampleCellCollectionViewCell.m in Sources */,
				7F5B734D1B7CE93100884201 /* main.m in Sources */,
			);
			runOnlyForDeploymentPostprocessing = 0;
		};
		7F5B735C1B7CE93100884201 /* Sources */ = {
			isa = PBXSourcesBuildPhase;
			buildActionMask = 2147483647;
			files = (
				7F5B73671B7CE93100884201 /* CollectioVewSampleTests.m in Sources */,
			);
			runOnlyForDeploymentPostprocessing = 0;
		};
/* End PBXSourcesBuildPhase section */

/* Begin PBXTargetDependency section */
		7F5B73621B7CE93100884201 /* PBXTargetDependency */ = {
			isa = PBXTargetDependency;
			target = 7F5B73461B7CE93000884201 /* CollectioVewSample */;
			targetProxy = 7F5B73611B7CE93100884201 /* PBXContainerItemProxy */;
		};
/* End PBXTargetDependency section */

/* Begin PBXVariantGroup section */
		7F5B73541B7CE93100884201 /* Main.storyboard */ = {
			isa = PBXVariantGroup;
			children = (
				7F5B73551B7CE93100884201 /* Base */,
			);
			name = Main.storyboard;
			sourceTree = "<group>";
		};
		7F5B73591B7CE93100884201 /* LaunchScreen.xib */ = {
			isa = PBXVariantGroup;
			children = (
				7F5B735A1B7CE93100884201 /* Base */,
			);
			name = LaunchScreen.xib;
			sourceTree = "<group>";
		};
/* End PBXVariantGroup section */

/* Begin XCBuildConfiguration section */
		7F5B73681B7CE93100884201 /* Debug */ = {
			isa = XCBuildConfiguration;
			buildSettings = {
				ALWAYS_SEARCH_USER_PATHS = NO;
				CLANG_CXX_LANGUAGE_STANDARD = "gnu++0x";
				CLANG_CXX_LIBRARY = "libc++";
				CLANG_ENABLE_MODULES = YES;
				CLANG_ENABLE_OBJC_ARC = YES;
				CLANG_WARN_BOOL_CONVERSION = YES;
				CLANG_WARN_CONSTANT_CONVERSION = YES;
				CLANG_WARN_DIRECT_OBJC_ISA_USAGE = YES_ERROR;
				CLANG_WARN_EMPTY_BODY = YES;
				CLANG_WARN_ENUM_CONVERSION = YES;
				CLANG_WARN_INT_CONVERSION = YES;
				CLANG_WARN_OBJC_ROOT_CLASS = YES_ERROR;
				CLANG_WARN_UNREACHABLE_CODE = YES;
				CLANG_WARN__DUPLICATE_METHOD_MATCH = YES;
				"CODE_SIGN_IDENTITY[sdk=iphoneos*]" = "iPhone Developer";
				COPY_PHASE_STRIP = NO;
				DEBUG_INFORMATION_FORMAT = dwarf;
				ENABLE_STRICT_OBJC_MSGSEND = YES;
				GCC_C_LANGUAGE_STANDARD = gnu99;
				GCC_DYNAMIC_NO_PIC = NO;
				GCC_OPTIMIZATION_LEVEL = 0;
				GCC_PREPROCESSOR_DEFINITIONS = (
					"DEBUG=1",
					"$(inherited)",
				);
				GCC_SYMBOLS_PRIVATE_EXTERN = NO;
				GCC_WARN_64_TO_32_BIT_CONVERSION = YES;
				GCC_WARN_ABOUT_RETURN_TYPE = YES_ERROR;
				GCC_WARN_UNDECLARED_SELECTOR = YES;
				GCC_WARN_UNINITIALIZED_AUTOS = YES_AGGRESSIVE;
				GCC_WARN_UNUSED_FUNCTION = YES;
				GCC_WARN_UNUSED_VARIABLE = YES;
				IPHONEOS_DEPLOYMENT_TARGET = 8.3;
				MTL_ENABLE_DEBUG_INFO = YES;
				ONLY_ACTIVE_ARCH = YES;
				SDKROOT = iphoneos;
			};
			name = Debug;
		};
		7F5B73691B7CE93100884201 /* Release */ = {
			isa = XCBuildConfiguration;
			buildSettings = {
				ALWAYS_SEARCH_USER_PATHS = NO;
				CLANG_CXX_LANGUAGE_STANDARD = "gnu++0x";
				CLANG_CXX_LIBRARY = "libc++";
				CLANG_ENABLE_MODULES = YES;
				CLANG_ENABLE_OBJC_ARC = YES;
				CLANG_WARN_BOOL_CONVERSION = YES;
				CLANG_WARN_CONSTANT_CONVERSION = YES;
				CLANG_WARN_DIRECT_OBJC_ISA_USAGE = YES_ERROR;
				CLANG_WARN_EMPTY_BODY = YES;
				CLANG_WARN_ENUM_CONVERSION = YES;
				CLANG_WARN_INT_CONVERSION = YES;
				CLANG_WARN_OBJC_ROOT_CLASS = YES_ERROR;
				CLANG_WARN_UNREACHABLE_CODE = YES;
				CLANG_WARN__DUPLICATE_METHOD_MATCH = YES;
				"CODE_SIGN_IDENTITY[sdk=iphoneos*]" = "iPhone Developer";
				COPY_PHASE_STRIP = NO;
				DEBUG_INFORMATION_FORMAT = "dwarf-with-dsym";
				ENABLE_NS_ASSERTIONS = NO;
				ENABLE_STRICT_OBJC_MSGSEND = YES;
				GCC_C_LANGUAGE_STANDARD = gnu99;
				GCC_WARN_64_TO_32_BIT_CONVERSION = YES;
				GCC_WARN_ABOUT_RETURN_TYPE = YES_ERROR;
				GCC_WARN_UNDECLARED_SELECTOR = YES;
				GCC_WARN_UNINITIALIZED_AUTOS = YES_AGGRESSIVE;
				GCC_WARN_UNUSED_FUNCTION = YES;
				GCC_WARN_UNUSED_VARIABLE = YES;
				IPHONEOS_DEPLOYMENT_TARGET = 8.3;
				MTL_ENABLE_DEBUG_INFO = NO;
				SDKROOT = iphoneos;
				VALIDATE_PRODUCT = YES;
			};
			name = Release;
		};
		7F5B736B1B7CE93100884201 /* Debug */ = {
			isa = XCBuildConfiguration;
			buildSettings = {
				ASSETCATALOG_COMPILER_APPICON_NAME = AppIcon;
				INFOPLIST_FILE = CollectioVewSample/Info.plist;
				LD_RUNPATH_SEARCH_PATHS = "$(inherited) @executable_path/Frameworks";
				PRODUCT_NAME = "$(TARGET_NAME)";
			};
			name = Debug;
		};
		7F5B736C1B7CE93100884201 /* Release */ = {
			isa = XCBuildConfiguration;
			buildSettings = {
				ASSETCATALOG_COMPILER_APPICON_NAME = AppIcon;
				INFOPLIST_FILE = CollectioVewSample/Info.plist;
				LD_RUNPATH_SEARCH_PATHS = "$(inherited) @executable_path/Frameworks";
				PRODUCT_NAME = "$(TARGET_NAME)";
			};
			name = Release;
		};
		7F5B736E1B7CE93100884201 /* Debug */ = {
			isa = XCBuildConfiguration;
			buildSettings = {
				BUNDLE_LOADER = "$(TEST_HOST)";
				FRAMEWORK_SEARCH_PATHS = (
					"$(SDKROOT)/Developer/Library/Frameworks",
					"$(inherited)",
				);
				GCC_PREPROCESSOR_DEFINITIONS = (
					"DEBUG=1",
					"$(inherited)",
				);
				INFOPLIST_FILE = CollectioVewSampleTests/Info.plist;
				LD_RUNPATH_SEARCH_PATHS = "$(inherited) @executable_path/Frameworks @loader_path/Frameworks";
				PRODUCT_NAME = "$(TARGET_NAME)";
				TEST_HOST = "$(BUILT_PRODUCTS_DIR)/CollectioVewSample.app/CollectioVewSample";
			};
			name = Debug;
		};
		7F5B736F1B7CE93100884201 /* Release */ = {
			isa = XCBuildConfiguration;
			buildSettings = {
				BUNDLE_LOADER = "$(TEST_HOST)";
				FRAMEWORK_SEARCH_PATHS = (
					"$(SDKROOT)/Developer/Library/Frameworks",
					"$(inherited)",
				);
				INFOPLIST_FILE = CollectioVewSampleTests/Info.plist;
				LD_RUNPATH_SEARCH_PATHS = "$(inherited) @executable_path/Frameworks @loader_path/Frameworks";
				PRODUCT_NAME = "$(TARGET_NAME)";
				TEST_HOST = "$(BUILT_PRODUCTS_DIR)/CollectioVewSample.app/CollectioVewSample";
			};
			name = Release;
		};
/* End XCBuildConfiguration section */

/* Begin XCConfigurationList section */
		7F5B73421B7CE93000884201 /* Build configuration list for PBXProject "CollectioVewSample" */ = {
			isa = XCConfigurationList;
			buildConfigurations = (
				7F5B73681B7CE93100884201 /* Debug */,
				7F5B73691B7CE93100884201 /* Release */,
			);
			defaultConfigurationIsVisible = 0;
			defaultConfigurationName = Release;
		};
		7F5B736A1B7CE93100884201 /* Build configuration list for PBXNativeTarget "CollectioVewSample" */ = {
			isa = XCConfigurationList;
			buildConfigurations = (
				7F5B736B1B7CE93100884201 /* Debug */,
				7F5B736C1B7CE93100884201 /* Release */,
			);
			defaultConfigurationIsVisible = 0;
		};
		7F5B736D1B7CE93100884201 /* Build configuration list for PBXNativeTarget "CollectioVewSampleTests" */ = {
			isa = XCConfigurationList;
			buildConfigurations = (
				7F5B736E1B7CE93100884201 /* Debug */,
				7F5B736F1B7CE93100884201 /* Release */,
			);
			defaultConfigurationIsVisible = 0;
		};
/* End XCConfigurationList section */
	};
	rootObject = 7F5B733F1B7CE93000884201 /* Project object */;
}
